<?xml version="1.0" encoding="utf-8"?>
<Project ToolsVersion="4.0" xmlns="http://schemas.microsoft.com/developer/msbuild/2003">
  <ItemGroup>
    <Filter Include="Source Files">
      <UniqueIdentifier>{4FC737F1-C7A5-4376-A066-2A32D752A2FF}</UniqueIdentifier>
      <Extensions>cpp;c;cc;cxx;c++;cppm;ixx;def;odl;idl;hpj;bat;asm;asmx</Extensions>
    </Filter>
    <Filter Include="Header Files">
      <UniqueIdentifier>{93995380-89BD-4b04-88EB-625FBE52EBFB}</UniqueIdentifier>
      <Extensions>h;hh;hpp;hxx;h++;hm;inl;inc;ipp;xsd</Extensions>
    </Filter>
    <Filter Include="Resource Files">
      <UniqueIdentifier>{67DA6AB6-F800-4c08-8B7A-83BB121AAD01}</UniqueIdentifier>
      <Extensions>rc;ico;cur;bmp;dlg;rc2;rct;bin;rgs;gif;jpg;jpeg;jpe;resx;tiff;tif;png;wav;mfcribbon-ms</Extensions>
    </Filter>
  </ItemGroup>
  <ItemGroup>
    <ClCompile Include="entry\main.cpp">
      <Filter>Source Files</Filter>
    </ClCompile>
    <ClCompile Include="entry\engine\cheat\config.cpp">
      <Filter>Source Files</Filter>
    </ClCompile>
    <ClCompile Include="entry\imgui\imgui.cpp">
      <Filter>Source Files</Filter>
    </ClCompile>
    <ClCompile Include="entry\imgui\imgui_demo.cpp">
      <Filter>Source Files</Filter>
    </ClCompile>
    <ClCompile Include="entry\imgui\imgui_draw.cpp">
      <Filter>Source Files</Filter>
    </ClCompile>
    <ClCompile Include="entry\imgui\imgui_impl_dx11.cpp">
      <Filter>Source Files</Filter>
    </ClCompile>
    <ClCompile Include="entry\imgui\imgui_impl_win32.cpp">
      <Filter>Source Files</Filter>
    </ClCompile>
    <ClCompile Include="entry\imgui\imgui_tables.cpp">
      <Filter>Source Files</Filter>
    </ClCompile>
    <ClCompile Include="entry\imgui\imgui_widgets.cpp">
      <Filter>Source Files</Filter>
    </ClCompile>
    <ClCompile Include="entry\protection\oxorany.cpp">
      <Filter>Source Files</Filter>
    </ClCompile>
  </ItemGroup>
  <ItemGroup>
    <ClInclude Include="apex\game\encryption.h">
      <Filter>Header Files</Filter>
    </ClInclude>
    <ClInclude Include="apex\game\import.h">
      <Filter>Header Files</Filter>
    </ClInclude>
    <ClInclude Include="apex\game\loop.hpp">
      <Filter>Header Files</Filter>
    </ClInclude>
    <ClInclude Include="apex\game\offsets.hpp">
      <Filter>Header Files</Filter>
    </ClInclude>
    <ClInclude Include="apex\game\sdk.hpp">
      <Filter>Header Files</Filter>
    </ClInclude>
    <ClInclude Include="apex\imgui\imconfig.h">
      <Filter>Header Files</Filter>
    </ClInclude>
    <ClInclude Include="apex\imgui\imgui.h">
      <Filter>Header Files</Filter>
    </ClInclude>
    <ClInclude Include="apex\imgui\imgui_impl_dx9.h">
      <Filter>Header Files</Filter>
    </ClInclude>
    <ClInclude Include="apex\imgui\imgui_impl_win32.h">
      <Filter>Header Files</Filter>
    </ClInclude>
    <ClInclude Include="apex\imgui\imgui_internal.h">
      <Filter>Header Files</Filter>
    </ClInclude>
    <ClInclude Include="apex\imgui\imstb_rectpack.h">
      <Filter>Header Files</Filter>
    </ClInclude>
    <ClInclude Include="apex\imgui\imstb_textedit.h">
      <Filter>Header Files</Filter>
    </ClInclude>
    <ClInclude Include="apex\imgui\imstb_truetype.h">
      <Filter>Header Files</Filter>
    </ClInclude>
    <ClInclude Include="apex\km\driver.h">
      <Filter>Header Files</Filter>
    </ClInclude>
    <ClInclude Include="apex\km\ia32.h">
      <Filter>Header Files</Filter>
    </ClInclude>
    <ClInclude Include="apex\km\input.h">
      <Filter>Header Files</Filter>
    </ClInclude>
    <ClInclude Include="apex\km\logging.h">
      <Filter>Header Files</Filter>
    </ClInclude>
    <ClInclude Include="apex\km\ntstatus.h">
      <Filter>Header Files</Filter>
    </ClInclude>
    <ClInclude Include="apex\km\wdk.h">
      <Filter>Header Files</Filter>
    </ClInclude>
    <ClInclude Include="apex\main.h">
      <Filter>Header Files</Filter>
    </ClInclude>
    <ClInclude Include="apex\overlay\includes.h">
      <Filter>Header Files</Filter>
    </ClInclude>
    <ClInclude Include="apex\overlay\overlay.hpp">
      <Filter>Header Files</Filter>
    </ClInclude>
    <ClInclude Include="entry\protection\import.h">
      <Filter>Header Files</Filter>
    </ClInclude>
    <ClInclude Include="entry\engine\cheat\loop.hpp">
      <Filter>Header Files</Filter>
    </ClInclude>
    <ClInclude Include="entry\engine\game\offsets.hpp">
      <Filter>Header Files</Filter>
    </ClInclude>
    <ClInclude Include="entry\engine\game\sdk.hpp">
      <Filter>Header Files</Filter>
    </ClInclude>
    <ClInclude Include="entry\image\Ammo\EnergyAmmobytes.h">
      <Filter>Header Files</Filter>
    </ClInclude>
    <ClInclude Include="entry\image\Ammo\HeavyAmmobytes.h">
      <Filter>Header Files</Filter>
    </ClInclude>
    <ClInclude Include="entry\image\Ammo\LightAmmobytes.h">
      <Filter>Header Files</Filter>
    </ClInclude>
    <ClInclude Include="entry\image\Ammo\ShotgunAmmobytes.h">
      <Filter>Header Files</Filter>
    </ClInclude>
    <ClInclude Include="entry\image\Ammo\SniperAmmobytes.h">
      <Filter>Header Files</Filter>
    </ClInclude>
    <ClInclude Include="entry\image\Armor\Common_Armor_Bytes.h">
      <Filter>Header Files</Filter>
    </ClInclude>
    <ClInclude Include="entry\image\Armor\Helmetbytes.h">
      <Filter>Header Files</Filter>
    </ClInclude>
    <ClInclude Include="entry\image\Armor\Legendary_Armor_Bytes.h">
      <Filter>Header Files</Filter>
    </ClInclude>
    <ClInclude Include="entry\image\Armor\Mythic_Armor_Bytes.h">
      <Filter>Header Files</Filter>
    </ClInclude>
    <ClInclude Include="entry\image\Armor\Rare_Armor_Bytes.h">
      <Filter>Header Files</Filter>
    </ClInclude>
    <ClInclude Include="entry\image\Cartoon\EKitten.h">
      <Filter>Header Files</Filter>
    </ClInclude>
    <ClInclude Include="entry\image\Cartoon\Peter_Griffen.h">
      <Filter>Header Files</Filter>
    </ClInclude>
    <ClInclude Include="entry\image\Meds\evo-cache_bytes.h">
      <Filter>Header Files</Filter>
    </ClInclude>
    <ClInclude Include="entry\image\Meds\Med-Kit_bytes.h">
      <Filter>Header Files</Filter>
    </ClInclude>
    <ClInclude Include="entry\image\Meds\Med-Small_bytes.h">
      <Filter>Header Files</Filter>
    </ClInclude>
    <ClInclude Include="entry\image\Meds\phynix_bytes.h">
      <Filter>Header Files</Filter>
    </ClInclude>
    <ClInclude Include="entry\image\Meds\Shield-Large_bytes.h">
      <Filter>Header Files</Filter>
    </ClInclude>
    <ClInclude Include="entry\image\Meds\Shield-Small_bytes.h">
      <Filter>Header Files</Filter>
    </ClInclude>
    <ClInclude Include="entry\image\Weapons\Energy\EMG_bytes.h">
      <Filter>Header Files</Filter>
    </ClInclude>
    <ClInclude Include="entry\image\Weapons\Energy\Havoc_bytes.h">
      <Filter>Header Files</Filter>
    </ClInclude>
    <ClInclude Include="entry\image\Weapons\Energy\Nemisis_bytes.h">
      <Filter>Header Files</Filter>
    </ClInclude>
    <ClInclude Include="entry\image\Weapons\Energy\Triple_bytes.h">
      <Filter>Header Files</Filter>
    </ClInclude>
    <ClInclude Include="entry\image\Weapons\Energy\Volt_Bytes.h">
      <Filter>Header Files</Filter>
    </ClInclude>
    <ClInclude Include="entry\image\Weapons\Pistol\alternator_bytes.h">
      <Filter>Header Files</Filter>
    </ClInclude>
    <ClInclude Include="entry\image\Weapons\Pistol\p2020_bytes.h">
      <Filter>Header Files</Filter>
    </ClInclude>
    <ClInclude Include="entry\image\Weapons\Pistol\re45_bytes.h">
      <Filter>Header Files</Filter>
    </ClInclude>
    <ClInclude Include="entry\image\Weapons\Pistol\wingmen_bytes.h">
      <Filter>Header Files</Filter>
    </ClInclude>
    <ClInclude Include="entry\image\Weapons\Rifle\car_bytes.h">
      <Filter>Header Files</Filter>
    </ClInclude>
    <ClInclude Include="entry\image\Weapons\Rifle\Carbine_bytes.h">
      <Filter>Header Files</Filter>
    </ClInclude>
    <ClInclude Include="entry\image\Weapons\Rifle\Flatline_bytes.h">
      <Filter>Header Files</Filter>
    </ClInclude>
    <ClInclude Include="entry\image\Weapons\Rifle\Hemlok_bytes.h">
      <Filter>Header Files</Filter>
    </ClInclude>
    <ClInclude Include="entry\image\Weapons\Rifle\Prowler_bytes.h">
      <Filter>Header Files</Filter>
    </ClInclude>
    <ClInclude Include="entry\image\Weapons\Rifle\Rampage_bytes.h">
      <Filter>Header Files</Filter>
    </ClInclude>
    <ClInclude Include="entry\image\Weapons\Rifle\Repeater_bytes.h">
      <Filter>Header Files</Filter>
    </ClInclude>
    <ClInclude Include="entry\image\Weapons\Rifle\scout_bytes.h">
      <Filter>Header Files</Filter>
    </ClInclude>
    <ClInclude Include="entry\image\Weapons\Rifle\Spit-Fire_bytes.h">
      <Filter>Header Files</Filter>
    </ClInclude>
    <ClInclude Include="entry\image\Weapons\Shotgun\eva_8_auto_bytes.h">
      <Filter>Header Files</Filter>
    </ClInclude>
    <ClInclude Include="entry\image\Weapons\Shotgun\mastiff_bytes.h">
      <Filter>Header Files</Filter>
    </ClInclude>
    <ClInclude Include="entry\image\Weapons\Shotgun\mozambique_bytes.h">
      <Filter>Header Files</Filter>
    </ClInclude>
    <ClInclude Include="entry\image\Weapons\Shotgun\peacekeeper_bytes.h">
      <Filter>Header Files</Filter>
    </ClInclude>
    <ClInclude Include="entry\image\Weapons\sniper\ChargedRifle_bytes.h">
      <Filter>Header Files</Filter>
    </ClInclude>
    <ClInclude Include="entry\image\Weapons\sniper\DMR_bytes.h">
      <Filter>Header Files</Filter>
    </ClInclude>
    <ClInclude Include="entry\image\Weapons\sniper\Sentinel_bytes.h">
      <Filter>Header Files</Filter>
    </ClInclude>
    <ClInclude Include="entry\image\Weapons\Special\Bow_bytes.h">
      <Filter>Header Files</Filter>
    </ClInclude>
    <ClInclude Include="entry\image\Weapons\Special\Devotion_bytes.h">
      <Filter>Header Files</Filter>
    </ClInclude>
    <ClInclude Include="entry\image\Weapons\Special\Knife_bytes.h">
      <Filter>Header Files</Filter>
    </ClInclude>
    <ClInclude Include="entry\image\Weapons\Special\Kraber_bytes.h">
      <Filter>Header Files</Filter>
    </ClInclude>
    <ClInclude Include="entry\image\Weapons\Special\R99_bytes.h">
      <Filter>Header Files</Filter>
    </ClInclude>
    <ClInclude Include="entry\kernel\nt\input.h">
      <Filter>Header Files</Filter>
    </ClInclude>
    <ClInclude Include="entry\overlay\includes.h">
      <Filter>Header Files</Filter>
    </ClInclude>
    <ClInclude Include="entry\overlay\overlay.hpp">
      <Filter>Header Files</Filter>
    </ClInclude>
    <ClInclude Include="entry\main.h">
      <Filter>Header Files</Filter>
    </ClInclude>
    <ClInclude Include="entry\image\Armor\Uncommon_Armor_Bytes.h">
      <Filter>Header Files</Filter>
    </ClInclude>
    <ClInclude Include="entry\engine\game\render.h">
      <Filter>Header Files</Filter>
    </ClInclude>
    <ClInclude Include="entry\engine\cheat\vars.h">
      <Filter>Header Files</Filter>
    </ClInclude>
    <ClInclude Include="entry\engine\game\keys.h">
      <Filter>Header Files</Filter>
    </ClInclude>
    <ClInclude Include="entry\engine\cheat\config.h">
      <Filter>Header Files</Filter>
    </ClInclude>
    <ClInclude Include="entry\imgui\imconfig.h">
      <Filter>Header Files</Filter>
    </ClInclude>
    <ClInclude Include="entry\imgui\imgui.h">
      <Filter>Header Files</Filter>
    </ClInclude>
    <ClInclude Include="entry\imgui\imgui_impl_dx11.h">
      <Filter>Header Files</Filter>
    </ClInclude>
    <ClInclude Include="entry\imgui\imgui_impl_win32.h">
      <Filter>Header Files</Filter>
    </ClInclude>
    <ClInclude Include="entry\imgui\imgui_internal.h">
      <Filter>Header Files</Filter>
    </ClInclude>
    <ClInclude Include="entry\imgui\imstb_rectpack.h">
      <Filter>Header Files</Filter>
    </ClInclude>
    <ClInclude Include="entry\imgui\imstb_textedit.h">
      <Filter>Header Files</Filter>
    </ClInclude>
    <ClInclude Include="entry\imgui\imstb_truetype.h">
      <Filter>Header Files</Filter>
    </ClInclude>
    <ClInclude Include="entry\protection\oxorany.h">
      <Filter>Header Files</Filter>
    </ClInclude>
    <ClInclude Include="entry\protection\oxorany_include.h">
      <Filter>Header Files</Filter>
    </ClInclude>
  </ItemGroup>
  <ItemGroup>
    <None Include="packages.config" />
  </ItemGroup>
</Project>